// !$*UTF8*$!
{
	archiveVersion = 1;
	classes = {
	};
	objectVersion = 46;
	objects = {

/* Begin PBXBuildFile section */
		9353880C1BFE79FB002987F3 /* AppDelegate.swift in Sources */ = {isa = PBXBuildFile; fileRef = 9353880B1BFE79FB002987F3 /* AppDelegate.swift */; };
		9353880E1BFE79FB002987F3 /* ViewController.swift in Sources */ = {isa = PBXBuildFile; fileRef = 9353880D1BFE79FB002987F3 /* ViewController.swift */; };
		935388111BFE79FB002987F3 /* Main.storyboard in Resources */ = {isa = PBXBuildFile; fileRef = 9353880F1BFE79FB002987F3 /* Main.storyboard */; };
		935388131BFE79FB002987F3 /* Assets.xcassets in Resources */ = {isa = PBXBuildFile; fileRef = 935388121BFE79FB002987F3 /* Assets.xcassets */; };
		935388161BFE79FB002987F3 /* LaunchScreen.storyboard in Resources */ = {isa = PBXBuildFile; fileRef = 935388141BFE79FB002987F3 /* LaunchScreen.storyboard */; };
		935388211BFE79FC002987F3 /* CaldendarSubscriberTests.swift in Sources */ = {isa = PBXBuildFile; fileRef = 935388201BFE79FC002987F3 /* CaldendarSubscriberTests.swift */; };
		9353882C1BFE79FC002987F3 /* CaldendarSubscriberUITests.swift in Sources */ = {isa = PBXBuildFile; fileRef = 9353882B1BFE79FC002987F3 /* CaldendarSubscriberUITests.swift */; };
		9353883C1BFE7B67002987F3 /* TapButton.swift in Sources */ = {isa = PBXBuildFile; fileRef = 935388391BFE7B67002987F3 /* TapButton.swift */; };
		9353883D1BFE7B67002987F3 /* UIButton+Setup.swift in Sources */ = {isa = PBXBuildFile; fileRef = 9353883A1BFE7B67002987F3 /* UIButton+Setup.swift */; };
		9353883E1BFE7B67002987F3 /* UIView+Layout.swift in Sources */ = {isa = PBXBuildFile; fileRef = 9353883B1BFE7B67002987F3 /* UIView+Layout.swift */; };
		935388401BFE7BBA002987F3 /* CalendarView.swift in Sources */ = {isa = PBXBuildFile; fileRef = 9353883F1BFE7BBA002987F3 /* CalendarView.swift */; };
/* End PBXBuildFile section */

/* Begin PBXContainerItemProxy section */
		9353881D1BFE79FC002987F3 /* PBXContainerItemProxy */ = {
			isa = PBXContainerItemProxy;
			containerPortal = 935388001BFE79FB002987F3 /* Project object */;
			proxyType = 1;
			remoteGlobalIDString = 935388071BFE79FB002987F3;
			remoteInfo = CaldendarSubscriber;
		};
		935388281BFE79FC002987F3 /* PBXContainerItemProxy */ = {
			isa = PBXContainerItemProxy;
			containerPortal = 935388001BFE79FB002987F3 /* Project object */;
			proxyType = 1;
			remoteGlobalIDString = 935388071BFE79FB002987F3;
			remoteInfo = CaldendarSubscriber;
		};
/* End PBXContainerItemProxy section */

/* Begin PBXFileReference section */
		935388081BFE79FB002987F3 /* CaldendarSubscriber.app */ = {isa = PBXFileReference; explicitFileType = wrapper.application; includeInIndex = 0; path = CaldendarSubscriber.app; sourceTree = BUILT_PRODUCTS_DIR; };
		9353880B1BFE79FB002987F3 /* AppDelegate.swift */ = {isa = PBXFileReference; lastKnownFileType = sourcecode.swift; path = AppDelegate.swift; sourceTree = "<group>"; };
		9353880D1BFE79FB002987F3 /* ViewController.swift */ = {isa = PBXFileReference; lastKnownFileType = sourcecode.swift; path = ViewController.swift; sourceTree = "<group>"; };
		935388101BFE79FB002987F3 /* Base */ = {isa = PBXFileReference; lastKnownFileType = file.storyboard; name = Base; path = Base.lproj/Main.storyboard; sourceTree = "<group>"; };
		935388121BFE79FB002987F3 /* Assets.xcassets */ = {isa = PBXFileReference; lastKnownFileType = folder.assetcatalog; path = Assets.xcassets; sourceTree = "<group>"; };
		935388151BFE79FB002987F3 /* Base */ = {isa = PBXFileReference; lastKnownFileType = file.storyboard; name = Base; path = Base.lproj/LaunchScreen.storyboard; sourceTree = "<group>"; };
		935388171BFE79FC002987F3 /* Info.plist */ = {isa = PBXFileReference; lastKnownFileType = text.plist.xml; path = Info.plist; sourceTree = "<group>"; };
		9353881C1BFE79FC002987F3 /* CaldendarSubscriberTests.xctest */ = {isa = PBXFileReference; explicitFileType = wrapper.cfbundle; includeInIndex = 0; path = CaldendarSubscriberTests.xctest; sourceTree = BUILT_PRODUCTS_DIR; };
		935388201BFE79FC002987F3 /* CaldendarSubscriberTests.swift */ = {isa = PBXFileReference; lastKnownFileType = sourcecode.swift; path = CaldendarSubscriberTests.swift; sourceTree = "<group>"; };
		935388221BFE79FC002987F3 /* Info.plist */ = {isa = PBXFileReference; lastKnownFileType = text.plist.xml; path = Info.plist; sourceTree = "<group>"; };
		935388271BFE79FC002987F3 /* CaldendarSubscriberUITests.xctest */ = {isa = PBXFileReference; explicitFileType = wrapper.cfbundle; includeInIndex = 0; path = CaldendarSubscriberUITests.xctest; sourceTree = BUILT_PRODUCTS_DIR; };
		9353882B1BFE79FC002987F3 /* CaldendarSubscriberUITests.swift */ = {isa = PBXFileReference; lastKnownFileType = sourcecode.swift; path = CaldendarSubscriberUITests.swift; sourceTree = "<group>"; };
		9353882D1BFE79FC002987F3 /* Info.plist */ = {isa = PBXFileReference; lastKnownFileType = text.plist.xml; path = Info.plist; sourceTree = "<group>"; };
		935388391BFE7B67002987F3 /* TapButton.swift */ = {isa = PBXFileReference; fileEncoding = 4; lastKnownFileType = sourcecode.swift; path = TapButton.swift; sourceTree = "<group>"; };
		9353883A1BFE7B67002987F3 /* UIButton+Setup.swift */ = {isa = PBXFileReference; fileEncoding = 4; lastKnownFileType = sourcecode.swift; path = "UIButton+Setup.swift"; sourceTree = "<group>"; };
		9353883B1BFE7B67002987F3 /* UIView+Layout.swift */ = {isa = PBXFileReference; fileEncoding = 4; lastKnownFileType = sourcecode.swift; path = "UIView+Layout.swift"; sourceTree = "<group>"; };
		9353883F1BFE7BBA002987F3 /* CalendarView.swift */ = {isa = PBXFileReference; fileEncoding = 4; lastKnownFileType = sourcecode.swift; path = CalendarView.swift; sourceTree = "<group>"; };
/* End PBXFileReference section */

/* Begin PBXFrameworksBuildPhase section */
		935388051BFE79FB002987F3 /* Frameworks */ = {
			isa = PBXFrameworksBuildPhase;
			buildActionMask = 2147483647;
			files = (
			);
			runOnlyForDeploymentPostprocessing = 0;
		};
		935388191BFE79FC002987F3 /* Frameworks */ = {
			isa = PBXFrameworksBuildPhase;
			buildActionMask = 2147483647;
			files = (
			);
			runOnlyForDeploymentPostprocessing = 0;
		};
		935388241BFE79FC002987F3 /* Frameworks */ = {
			isa = PBXFrameworksBuildPhase;
			buildActionMask = 2147483647;
			files = (
			);
			runOnlyForDeploymentPostprocessing = 0;
		};
/* End PBXFrameworksBuildPhase section */

/* Begin PBXGroup section */
		935387FF1BFE79FB002987F3 = {
			isa = PBXGroup;
			children = (
				9353880A1BFE79FB002987F3 /* CaldendarSubscriber */,
				9353881F1BFE79FC002987F3 /* CaldendarSubscriberTests */,
				9353882A1BFE79FC002987F3 /* CaldendarSubscriberUITests */,
				935388091BFE79FB002987F3 /* Products */,
			);
			sourceTree = "<group>";
		};
		935388091BFE79FB002987F3 /* Products */ = {
			isa = PBXGroup;
			children = (
				935388081BFE79FB002987F3 /* CaldendarSubscriber.app */,
				9353881C1BFE79FC002987F3 /* CaldendarSubscriberTests.xctest */,
				935388271BFE79FC002987F3 /* CaldendarSubscriberUITests.xctest */,
			);
			name = Products;
			sourceTree = "<group>";
		};
		9353880A1BFE79FB002987F3 /* CaldendarSubscriber */ = {
			isa = PBXGroup;
			children = (
				9353880B1BFE79FB002987F3 /* AppDelegate.swift */,
				935388121BFE79FB002987F3 /* Assets.xcassets */,
				935388171BFE79FC002987F3 /* Info.plist */,
				935388141BFE79FB002987F3 /* LaunchScreen.storyboard */,
				9353880F1BFE79FB002987F3 /* Main.storyboard */,
				935388391BFE7B67002987F3 /* TapButton.swift */,
				9353883A1BFE7B67002987F3 /* UIButton+Setup.swift */,
				9353883B1BFE7B67002987F3 /* UIView+Layout.swift */,
				9353880D1BFE79FB002987F3 /* ViewController.swift */,
				9353883F1BFE7BBA002987F3 /* CalendarView.swift */,
			);
			path = CaldendarSubscriber;
			sourceTree = "<group>";
		};
		9353881F1BFE79FC002987F3 /* CaldendarSubscriberTests */ = {
			isa = PBXGroup;
			children = (
				935388201BFE79FC002987F3 /* CaldendarSubscriberTests.swift */,
				935388221BFE79FC002987F3 /* Info.plist */,
			);
			path = CaldendarSubscriberTests;
			sourceTree = "<group>";
		};
		9353882A1BFE79FC002987F3 /* CaldendarSubscriberUITests */ = {
			isa = PBXGroup;
			children = (
				9353882B1BFE79FC002987F3 /* CaldendarSubscriberUITests.swift */,
				9353882D1BFE79FC002987F3 /* Info.plist */,
			);
			path = CaldendarSubscriberUITests;
			sourceTree = "<group>";
		};
/* End PBXGroup section */

/* Begin PBXNativeTarget section */
		935388071BFE79FB002987F3 /* CaldendarSubscriber */ = {
			isa = PBXNativeTarget;
			buildConfigurationList = 935388301BFE79FC002987F3 /* Build configuration list for PBXNativeTarget "CaldendarSubscriber" */;
			buildPhases = (
				935388041BFE79FB002987F3 /* Sources */,
				935388051BFE79FB002987F3 /* Frameworks */,
				935388061BFE79FB002987F3 /* Resources */,
			);
			buildRules = (
			);
			dependencies = (
			);
			name = CaldendarSubscriber;
			productName = CaldendarSubscriber;
			productReference = 935388081BFE79FB002987F3 /* CaldendarSubscriber.app */;
			productType = "com.apple.product-type.application";
		};
		9353881B1BFE79FC002987F3 /* CaldendarSubscriberTests */ = {
			isa = PBXNativeTarget;
			buildConfigurationList = 935388331BFE79FC002987F3 /* Build configuration list for PBXNativeTarget "CaldendarSubscriberTests" */;
			buildPhases = (
				935388181BFE79FC002987F3 /* Sources */,
				935388191BFE79FC002987F3 /* Frameworks */,
				9353881A1BFE79FC002987F3 /* Resources */,
			);
			buildRules = (
			);
			dependencies = (
				9353881E1BFE79FC002987F3 /* PBXTargetDependency */,
			);
			name = CaldendarSubscriberTests;
			productName = CaldendarSubscriberTests;
			productReference = 9353881C1BFE79FC002987F3 /* CaldendarSubscriberTests.xctest */;
			productType = "com.apple.product-type.bundle.unit-test";
		};
		935388261BFE79FC002987F3 /* CaldendarSubscriberUITests */ = {
			isa = PBXNativeTarget;
			buildConfigurationList = 935388361BFE79FC002987F3 /* Build configuration list for PBXNativeTarget "CaldendarSubscriberUITests" */;
			buildPhases = (
				935388231BFE79FC002987F3 /* Sources */,
				935388241BFE79FC002987F3 /* Frameworks */,
				935388251BFE79FC002987F3 /* Resources */,
			);
			buildRules = (
			);
			dependencies = (
				935388291BFE79FC002987F3 /* PBXTargetDependency */,
			);
			name = CaldendarSubscriberUITests;
			productName = CaldendarSubscriberUITests;
			productReference = 935388271BFE79FC002987F3 /* CaldendarSubscriberUITests.xctest */;
			productType = "com.apple.product-type.bundle.ui-testing";
		};
/* End PBXNativeTarget section */

/* Begin PBXProject section */
		935388001BFE79FB002987F3 /* Project object */ = {
			isa = PBXProject;
			attributes = {
				LastSwiftUpdateCheck = 0710;
				LastUpgradeCheck = 0710;
				ORGANIZATIONNAME = "Kaden, Joshua";
				TargetAttributes = {
					935388071BFE79FB002987F3 = {
						CreatedOnToolsVersion = 7.1.1;
					};
					9353881B1BFE79FC002987F3 = {
						CreatedOnToolsVersion = 7.1.1;
						TestTargetID = 935388071BFE79FB002987F3;
					};
					935388261BFE79FC002987F3 = {
						CreatedOnToolsVersion = 7.1.1;
						TestTargetID = 935388071BFE79FB002987F3;
					};
				};
			};
			buildConfigurationList = 935388031BFE79FB002987F3 /* Build configuration list for PBXProject "CaldendarSubscriber" */;
			compatibilityVersion = "Xcode 3.2";
			developmentRegion = English;
			hasScannedForEncodings = 0;
			knownRegions = (
				en,
				Base,
			);
			mainGroup = 935387FF1BFE79FB002987F3;
			productRefGroup = 935388091BFE79FB002987F3 /* Products */;
			projectDirPath = "";
			projectRoot = "";
			targets = (
				935388071BFE79FB002987F3 /* CaldendarSubscriber */,
				9353881B1BFE79FC002987F3 /* CaldendarSubscriberTests */,
				935388261BFE79FC002987F3 /* CaldendarSubscriberUITests */,
			);
		};
/* End PBXProject section */

/* Begin PBXResourcesBuildPhase section */
		935388061BFE79FB002987F3 /* Resources */ = {
			isa = PBXResourcesBuildPhase;
			buildActionMask = 2147483647;
			files = (
				935388161BFE79FB002987F3 /* LaunchScreen.storyboard in Resources */,
				935388131BFE79FB002987F3 /* Assets.xcassets in Resources */,
				935388111BFE79FB002987F3 /* Main.storyboard in Resources */,
			);
			runOnlyForDeploymentPostprocessing = 0;
		};
		9353881A1BFE79FC002987F3 /* Resources */ = {
			isa = PBXResourcesBuildPhase;
			buildActionMask = 2147483647;
			files = (
			);
			runOnlyForDeploymentPostprocessing = 0;
		};
		935388251BFE79FC002987F3 /* Resources */ = {
			isa = PBXResourcesBuildPhase;
			buildActionMask = 2147483647;
			files = (
			);
			runOnlyForDeploymentPostprocessing = 0;
		};
/* End PBXResourcesBuildPhase section */

/* Begin PBXSourcesBuildPhase section */
		935388041BFE79FB002987F3 /* Sources */ = {
			isa = PBXSourcesBuildPhase;
			buildActionMask = 2147483647;
			files = (
				9353880E1BFE79FB002987F3 /* ViewController.swift in Sources */,
				9353883D1BFE7B67002987F3 /* UIButton+Setup.swift in Sources */,
				935388401BFE7BBA002987F3 /* CalendarView.swift in Sources */,
				9353883C1BFE7B67002987F3 /* TapButton.swift in Sources */,
				9353880C1BFE79FB002987F3 /* AppDelegate.swift in Sources */,
				9353883E1BFE7B67002987F3 /* UIView+Layout.swift in Sources */,
			);
			runOnlyForDeploymentPostprocessing = 0;
		};
		935388181BFE79FC002987F3 /* Sources */ = {
			isa = PBXSourcesBuildPhase;
			buildActionMask = 2147483647;
			files = (
				935388211BFE79FC002987F3 /* CaldendarSubscriberTests.swift in Sources */,
			);
			runOnlyForDeploymentPostprocessing = 0;
		};
		935388231BFE79FC002987F3 /* Sources */ = {
			isa = PBXSourcesBuildPhase;
			buildActionMask = 2147483647;
			files = (
				9353882C1BFE79FC002987F3 /* CaldendarSubscriberUITests.swift in Sources */,
			);
			runOnlyForDeploymentPostprocessing = 0;
		};
/* End PBXSourcesBuildPhase section */

/* Begin PBXTargetDependency section */
		9353881E1BFE79FC002987F3 /* PBXTargetDependency */ = {
			isa = PBXTargetDependency;
			target = 935388071BFE79FB002987F3 /* CaldendarSubscriber */;
			targetProxy = 9353881D1BFE79FC002987F3 /* PBXContainerItemProxy */;
		};
		935388291BFE79FC002987F3 /* PBXTargetDependency */ = {
			isa = PBXTargetDependency;
			target = 935388071BFE79FB002987F3 /* CaldendarSubscriber */;
			targetProxy = 935388281BFE79FC002987F3 /* PBXContainerItemProxy */;
		};
/* End PBXTargetDependency section */

/* Begin PBXVariantGroup section */
		9353880F1BFE79FB002987F3 /* Main.storyboard */ = {
			isa = PBXVariantGroup;
			children = (
				935388101BFE79FB002987F3 /* Base */,
			);
			name = Main.storyboard;
			sourceTree = "<group>";
		};
		935388141BFE79FB002987F3 /* LaunchScreen.storyboard */ = {
			isa = PBXVariantGroup;
			children = (
				935388151BFE79FB002987F3 /* Base */,
			);
			name = LaunchScreen.storyboard;
			sourceTree = "<group>";
		};
/* End PBXVariantGroup section */

/* Begin XCBuildConfiguration section */
		9353882E1BFE79FC002987F3 /* Debug */ = {
			isa = XCBuildConfiguration;
			buildSettings = {
				ALWAYS_SEARCH_USER_PATHS = NO;
				CLANG_CXX_LANGUAGE_STANDARD = "gnu++0x";
				CLANG_CXX_LIBRARY = "libc++";
				CLANG_ENABLE_MODULES = YES;
				CLANG_ENABLE_OBJC_ARC = YES;
				CLANG_WARN_BOOL_CONVERSION = YES;
				CLANG_WARN_CONSTANT_CONVERSION = YES;
				CLANG_WARN_DIRECT_OBJC_ISA_USAGE = YES_ERROR;
				CLANG_WARN_EMPTY_BODY = YES;
				CLANG_WARN_ENUM_CONVERSION = YES;
				CLANG_WARN_INT_CONVERSION = YES;
				CLANG_WARN_OBJC_ROOT_CLASS = YES_ERROR;
				CLANG_WARN_UNREACHABLE_CODE = YES;
				CLANG_WARN__DUPLICATE_METHOD_MATCH = YES;
				"CODE_SIGN_IDENTITY[sdk=iphoneos*]" = "iPhone Developer";
				COPY_PHASE_STRIP = NO;
				DEBUG_INFORMATION_FORMAT = dwarf;
				ENABLE_STRICT_OBJC_MSGSEND = YES;
				ENABLE_TESTABILITY = YES;
				GCC_C_LANGUAGE_STANDARD = gnu99;
				GCC_DYNAMIC_NO_PIC = NO;
				GCC_NO_COMMON_BLOCKS = YES;
				GCC_OPTIMIZATION_LEVEL = 0;
				GCC_PREPROCESSOR_DEFINITIONS = (
					"DEBUG=1",
					"$(inherited)",
				);
				GCC_WARN_64_TO_32_BIT_CONVERSION = YES;
				GCC_WARN_ABOUT_RETURN_TYPE = YES_ERROR;
				GCC_WARN_UNDECLARED_SELECTOR = YES;
				GCC_WARN_UNINITIALIZED_AUTOS = YES_AGGRESSIVE;
				GCC_WARN_UNUSED_FUNCTION = YES;
				GCC_WARN_UNUSED_VARIABLE = YES;
				IPHONEOS_DEPLOYMENT_TARGET = 9.1;
				MTL_ENABLE_DEBUG_INFO = YES;
				ONLY_ACTIVE_ARCH = YES;
				SDKROOT = iphoneos;
				SWIFT_OPTIMIZATION_LEVEL = "-Onone";
				TARGETED_DEVICE_FAMILY = "1,2";
			};
			name = Debug;
		};
		9353882F1BFE79FC002987F3 /* Release */ = {
			isa = XCBuildConfiguration;
			buildSettings = {
				ALWAYS_SEARCH_USER_PATHS = NO;
				CLANG_CXX_LANGUAGE_STANDARD = "gnu++0x";
				CLANG_CXX_LIBRARY = "libc++";
				CLANG_ENABLE_MODULES = YES;
				CLANG_ENABLE_OBJC_ARC = YES;
				CLANG_WARN_BOOL_CONVERSION = YES;
				CLANG_WARN_CONSTANT_CONVERSION = YES;
				CLANG_WARN_DIRECT_OBJC_ISA_USAGE = YES_ERROR;
				CLANG_WARN_EMPTY_BODY = YES;
				CLANG_WARN_ENUM_CONVERSION = YES;
				CLANG_WARN_INT_CONVERSION = YES;
				CLANG_WARN_OBJC_ROOT_CLASS = YES_ERROR;
				CLANG_WARN_UNREACHABLE_CODE = YES;
				CLANG_WARN__DUPLICATE_METHOD_MATCH = YES;
				"CODE_SIGN_IDENTITY[sdk=iphoneos*]" = "iPhone Developer";
				COPY_PHASE_STRIP = NO;
				DEBUG_INFORMATION_FORMAT = "dwarf-with-dsym";
				ENABLE_NS_ASSERTIONS = NO;
				ENABLE_STRICT_OBJC_MSGSEND = YES;
				GCC_C_LANGUAGE_STANDARD = gnu99;
				GCC_NO_COMMON_BLOCKS = YES;
				GCC_WARN_64_TO_32_BIT_CONVERSION = YES;
				GCC_WARN_ABOUT_RETURN_TYPE = YES_ERROR;
				GCC_WARN_UNDECLARED_SELECTOR = YES;
				GCC_WARN_UNINITIALIZED_AUTOS = YES_AGGRESSIVE;
				GCC_WARN_UNUSED_FUNCTION = YES;
				GCC_WARN_UNUSED_VARIABLE = YES;
				IPHONEOS_DEPLOYMENT_TARGET = 9.1;
				MTL_ENABLE_DEBUG_INFO = NO;
				SDKROOT = iphoneos;
				TARGETED_DEVICE_FAMILY = "1,2";
				VALIDATE_PRODUCT = YES;
			};
			name = Release;
		};
		935388311BFE79FC002987F3 /* Debug */ = {
			isa = XCBuildConfiguration;
			buildSettings = {
				ASSETCATALOG_COMPILER_APPICON_NAME = AppIcon;
				INFOPLIST_FILE = CaldendarSubscriber/Info.plist;
				LD_RUNPATH_SEARCH_PATHS = "$(inherited) @executable_path/Frameworks";
				PRODUCT_BUNDLE_IDENTIFIER = me.CaldendarSubscriber;
				PRODUCT_NAME = "$(TARGET_NAME)";
			};
			name = Debug;
		};
		935388321BFE79FC002987F3 /* Release */ = {
			isa = XCBuildConfiguration;
			buildSettings = {
				ASSETCATALOG_COMPILER_APPICON_NAME = AppIcon;
				INFOPLIST_FILE = CaldendarSubscriber/Info.plist;
				LD_RUNPATH_SEARCH_PATHS = "$(inherited) @executable_path/Frameworks";
				PRODUCT_BUNDLE_IDENTIFIER = me.CaldendarSubscriber;
				PRODUCT_NAME = "$(TARGET_NAME)";
			};
			name = Release;
		};
		935388341BFE79FC002987F3 /* Debug */ = {
			isa = XCBuildConfiguration;
			buildSettings = {
				BUNDLE_LOADER = "$(TEST_HOST)";
				INFOPLIST_FILE = CaldendarSubscriberTests/Info.plist;
				LD_RUNPATH_SEARCH_PATHS = "$(inherited) @executable_path/Frameworks @loader_path/Frameworks";
				PRODUCT_BUNDLE_IDENTIFIER = me.CaldendarSubscriberTests;
				PRODUCT_NAME = "$(TARGET_NAME)";
				TEST_HOST = "$(BUILT_PRODUCTS_DIR)/CaldendarSubscriber.app/CaldendarSubscriber";
			};
			name = Debug;
		};
		935388351BFE79FC002987F3 /* Release */ = {
			isa = XCBuildConfiguration;
			buildSettings = {
				BUNDLE_LOADER = "$(TEST_HOST)";
				INFOPLIST_FILE = CaldendarSubscriberTests/Info.plist;
				LD_RUNPATH_SEARCH_PATHS = "$(inherited) @executable_path/Frameworks @loader_path/Frameworks";
				PRODUCT_BUNDLE_IDENTIFIER = me.CaldendarSubscriberTests;
				PRODUCT_NAME = "$(TARGET_NAME)";
				TEST_HOST = "$(BUILT_PRODUCTS_DIR)/CaldendarSubscriber.app/CaldendarSubscriber";
			};
			name = Release;
		};
		935388371BFE79FC002987F3 /* Debug */ = {
			isa = XCBuildConfiguration;
			buildSettings = {
				INFOPLIST_FILE = CaldendarSubscriberUITests/Info.plist;
				LD_RUNPATH_SEARCH_PATHS = "$(inherited) @executable_path/Frameworks @loader_path/Frameworks";
				PRODUCT_BUNDLE_IDENTIFIER = me.CaldendarSubscriberUITests;
				PRODUCT_NAME = "$(TARGET_NAME)";
				TEST_TARGET_NAME = CaldendarSubscriber;
				USES_XCTRUNNER = YES;
			};
			name = Debug;
		};
		935388381BFE79FC002987F3 /* Release */ = {
			isa = XCBuildConfiguration;
			buildSettings = {
				INFOPLIST_FILE = CaldendarSubscriberUITests/Info.plist;
				LD_RUNPATH_SEARCH_PATHS = "$(inherited) @executable_path/Frameworks @loader_path/Frameworks";
				PRODUCT_BUNDLE_IDENTIFIER = me.CaldendarSubscriberUITests;
				PRODUCT_NAME = "$(TARGET_NAME)";
				TEST_TARGET_NAME = CaldendarSubscriber;
				USES_XCTRUNNER = YES;
			};
			name = Release;
		};
/* End XCBuildConfiguration section */

/* Begin XCConfigurationList section */
		935388031BFE79FB002987F3 /* Build configuration list for PBXProject "CaldendarSubscriber" */ = {
			isa = XCConfigurationList;
			buildConfigurations = (
				9353882E1BFE79FC002987F3 /* Debug */,
				9353882F1BFE79FC002987F3 /* Release */,
			);
			defaultConfigurationIsVisible = 0;
			defaultConfigurationName = Release;
		};
		935388301BFE79FC002987F3 /* Build configuration list for PBXNativeTarget "CaldendarSubscriber" */ = {
			isa = XCConfigurationList;
			buildConfigurations = (
				935388311BFE79FC002987F3 /* Debug */,
				935388321BFE79FC002987F3 /* Release */,
			);
			defaultConfigurationIsVisible = 0;
		};
		935388331BFE79FC002987F3 /* Build configuration list for PBXNativeTarget "CaldendarSubscriberTests" */ = {
			isa = XCConfigurationList;
			buildConfigurations = (
				935388341BFE79FC002987F3 /* Debug */,
				935388351BFE79FC002987F3 /* Release */,
			);
			defaultConfigurationIsVisible = 0;
		};
		935388361BFE79FC002987F3 /* Build configuration list for PBXNativeTarget "CaldendarSubscriberUITests" */ = {
			isa = XCConfigurationList;
			buildConfigurations = (
				935388371BFE79FC002987F3 /* Debug */,
				935388381BFE79FC002987F3 /* Release */,
			);
			defaultConfigurationIsVisible = 0;
		};
/* End XCConfigurationList section */
	};
	rootObject = 935388001BFE79FB002987F3 /* Project object */;
}
